schema: '2.0'
stages:
  data_prepare:
    cmd: python -m src.stages.data_prepare --config=params.yaml
    deps:
    - path: src/stages/data_prepare.py
      hash: md5
      md5: 2f917d7b78d96ce171ca8a112f02b5c5
      size: 943
    params:
      params.yaml:
        base:
          random_state: 42
          log_level: INFO
        data_load:
          dataset_csv: data/raw/penguins.csv
          dataset_prepare: data/processed/prepare_penguins.csv
    outs:
    - path: data/processed/prepare_penguins.csv
      hash: md5
      md5: 320d99d6d2de20f16f67340a1e89e075
      size: 16286
  featurize:
    cmd: python -m src.stages.featurize --config=params.yaml
    deps:
    - path: data/processed/prepare_penguins.csv
      hash: md5
      md5: 320d99d6d2de20f16f67340a1e89e075
      size: 16286
    - path: src/stages/featurize.py
      hash: md5
      md5: 047c8d959e079e3c9cb854a8c9dcd4ef
      size: 1849
    params:
      params.yaml:
        base:
          random_state: 42
          log_level: INFO
        data_load:
          dataset_csv: data/raw/penguins.csv
          dataset_prepare: data/processed/prepare_penguins.csv
        featurize:
          features_path: data/processed/featured_penguins.csv
          target_column: species
          categorical_features:
          - sex
          cols_to_drop:
          - island
          - year
          - bill_length_mm
    outs:
    - path: data/processed/featured_penguins.csv
      hash: md5
      md5: 1cd2ac6b3b204827b86cab1aac229d34
      size: 11269
  data_split:
    cmd: python -m src.stages.data_split --config=params.yaml
    deps:
    - path: data/processed/featured_penguins.csv
      hash: md5
      md5: 1cd2ac6b3b204827b86cab1aac229d34
      size: 11269
    - path: src/stages/data_split.py
      hash: md5
      md5: 8dfe312ff90160af2ff57f15ac8cb829
      size: 1298
    params:
      params.yaml:
        base:
          random_state: 42
          log_level: INFO
        data_load:
          dataset_csv: data/raw/penguins.csv
          dataset_prepare: data/processed/prepare_penguins.csv
        data_split:
          test_size: 0.2
          trainset_path: data/processed/train_penguins.csv
          testset_path: data/processed/test_penguins.csv
        featurize:
          features_path: data/processed/featured_penguins.csv
          target_column: species
          categorical_features:
          - sex
          cols_to_drop:
          - island
          - year
          - bill_length_mm
    outs:
    - path: data/processed/test_penguins.csv
      hash: md5
      md5: 38d62aff88937b680db4e0c90d36cb59
      size: 2341
    - path: data/processed/train_penguins.csv
      hash: md5
      md5: 2cc28e83ff333a3ce0d20cb09cc80373
      size: 9004
  train:
    cmd: python -m src.stages.train --config=params.yaml
    deps:
    - path: data/processed/train_penguins.csv
      hash: md5
      md5: 2cc28e83ff333a3ce0d20cb09cc80373
      size: 9004
    - path: src/stages/train.py
      hash: md5
      md5: b53de68c9440d7260420b7d6ee9db4a7
      size: 1788
    params:
      params.yaml:
        base:
          random_state: 42
          log_level: INFO
        data_split.trainset_path: data/processed/train_penguins.csv
        featurize.target_column: species
        train:
          cv: 3
          estimator_name: rdm_forest
          estimators:
            logreg:
              param_grid:
                C:
                - 0.005
                max_iter:
                - 100
                solver:
                - lbfgs
                multi_class:
                - multinomial
            svm:
              param_grid:
                C:
                - 0.1
                - 1.0
                kernel:
                - rbf
                - linear
                gamma:
                - scale
                degree:
                - 3
                - 5
            rdm_forest:
              param_grid:
          model_path: models/model.joblib
    outs:
    - path: models/model.joblib
      hash: md5
      md5: 045155e1774658b56229fd10a0e3356d
      size: 827425
  evaluate:
    cmd: python -m src.stages.evaluate --config=params.yaml
    deps:
    - path: data/processed/test_penguins.csv
      hash: md5
      md5: 38d62aff88937b680db4e0c90d36cb59
      size: 2341
    - path: models/model.joblib
      hash: md5
      md5: 045155e1774658b56229fd10a0e3356d
      size: 827425
    - path: src/stages/evaluate.py
      hash: md5
      md5: 67089268555e06bbfad5f3eeefc05ebb
      size: 2525
    params:
      params.yaml:
        base:
          random_state: 42
          log_level: INFO
        data_split.testset_path: data/processed/test_penguins.csv
        evaluate:
          reports_dir: reports
          metrics_file: metrics.json
          confusion_matrix_image: confusion_matrix.png
        featurize.target_column: species
    outs:
    - path: reports/metrics.json
      hash: md5
      md5: c177f3dabf1b9696dc8093b002bbdc6f
      size: 32
